{
  "version": 4,
  "terraform_version": "1.6.2",
  "serial": 56,
  "lineage": "ad7303be-92c5-12b0-805a-7c24edbbdb66",
  "outputs": {},
  "resources": [
    {
      "mode": "data",
      "type": "azurerm_client_config",
      "name": "current",
      "provider": "provider[\"registry.terraform.io/hashicorp/azurerm\"]",
      "instances": [
        {
          "schema_version": 0,
          "attributes": {
            "client_id": "04b07795-8ddb-461a-bbee-02f9e1bf7b46",
            "id": "Y2xpZW50Q29uZmlncy9jbGllbnRJZD0wNGIwNzc5NS04ZGRiLTQ2MWEtYmJlZS0wMmY5ZTFiZjdiNDY7b2JqZWN0SWQ9NDAzZmU3NjAtMDg2Yi00ZDM3LTg2MjgtZjM4YTI4MGE4ZDY5O3N1YnNjcmlwdGlvbklkPTUzNGM0NzY0LTlhNDMtNGZjZi1hMmE5LTVmZTJmODliYzkzZTt0ZW5hbnRJZD01MmZjM2M0OC00Yzg3LTQ3MjUtOGMyOC1hZTkxNTZjMjQyMDA=",
            "object_id": "403fe760-086b-4d37-8628-f38a280a8d69",
            "subscription_id": "534c4764-9a43-4fcf-a2a9-5fe2f89bc93e",
            "tenant_id": "52fc3c48-4c87-4725-8c28-ae9156c24200",
            "timeouts": null
          },
          "sensitive_attributes": []
        }
      ]
    },
    {
      "module": "module.app_function_app",
      "mode": "managed",
      "type": "azurerm_linux_function_app",
      "name": "app",
      "provider": "provider[\"registry.terraform.io/hashicorp/azurerm\"]",
      "instances": [
        {
          "schema_version": 0,
          "attributes": {
            "app_settings": {
              "blobStorageConnection": "@Microsoft.KeyVault(VaultName=TollboothKeyVault;SecretName=blobStorageConnection)",
              "computerVisionApiKey": "@Microsoft.KeyVault(VaultName=TollboothKeyVault;SecretName=computerVisionApiKey)",
              "computerVisionApiUrl": "https://eastus.api.cognitive.microsoft.com/vision/v2.0/ocr",
              "cosmosDBAuthorizationKey": "@Microsoft.KeyVault(VaultName=TollboothKeyVault;SecretName=cosmosDBAuthorizationKey)",
              "cosmosDBCollectionId": "/subscriptions/534c4764-9a43-4fcf-a2a9-5fe2f89bc93e/resourceGroups/Tollbooth-resource-group/providers/Microsoft.DocumentDB/databaseAccounts/initstorageaccount/sqlDatabases/Database/containers/Processed",
              "cosmosDBDatabaseId": "/subscriptions/534c4764-9a43-4fcf-a2a9-5fe2f89bc93e/resourceGroups/Tollbooth-resource-group/providers/Microsoft.DocumentDB/databaseAccounts/initstorageaccount/sqlDatabases/Database",
              "cosmosDBEndPointUrl": "https://initstorageaccount.documents.azure.com:443/",
              "eventGridTopicEndpoint": "https://tollbootheventgridtopic.eastus-1.eventgrid.azure.net/api/events",
              "eventGridTopicKey": "@Microsoft.KeyVault(VaultName=TollboothKeyVault;SecretName=eventGridTopicKey)",
              "exportCsvContainerName": "export"
            },
            "auth_settings": [],
            "auth_settings_v2": [],
            "backup": [],
            "builtin_logging_enabled": true,
            "client_certificate_enabled": false,
            "client_certificate_exclusion_paths": "",
            "client_certificate_mode": "Optional",
            "connection_string": [],
            "content_share_force_disabled": false,
            "custom_domain_verification_id": "72A6B785469AA4394C141C3E653FAE82CF1689E66C13358DC4CAEA81BBC7C3E9",
            "daily_memory_time_quota": 0,
            "default_hostname": "appfunctionapp5uq.azurewebsites.net",
            "enabled": true,
            "functions_extension_version": "~4",
            "hosting_environment_id": "",
            "https_only": false,
            "id": "/subscriptions/534c4764-9a43-4fcf-a2a9-5fe2f89bc93e/resourceGroups/Tollbooth-resource-group/providers/Microsoft.Web/sites/AppFunctionApp5uq",
            "identity": [
              {
                "identity_ids": [],
                "principal_id": "68b6a952-8028-41ae-ae50-0ca417888ff4",
                "tenant_id": "52fc3c48-4c87-4725-8c28-ae9156c24200",
                "type": "SystemAssigned"
              }
            ],
            "key_vault_reference_identity_id": "SystemAssigned",
            "kind": "functionapp,linux",
            "location": "eastus",
            "name": "AppFunctionApp5uq",
            "outbound_ip_address_list": [
              "52.170.164.127",
              "52.170.164.144",
              "52.170.165.122",
              "52.170.165.126",
              "52.170.165.238",
              "52.170.166.5",
              "52.188.220.88",
              "52.149.193.11",
              "52.149.236.71",
              "52.142.30.27",
              "52.149.236.77",
              "52.149.236.148",
              "20.119.16.43"
            ],
            "outbound_ip_addresses": "52.170.164.127,52.170.164.144,52.170.165.122,52.170.165.126,52.170.165.238,52.170.166.5,52.188.220.88,52.149.193.11,52.149.236.71,52.142.30.27,52.149.236.77,52.149.236.148,20.119.16.43",
            "possible_outbound_ip_address_list": [
              "52.170.164.127",
              "52.170.164.144",
              "52.170.165.122",
              "52.170.165.126",
              "52.170.165.238",
              "52.170.166.5",
              "52.188.220.88",
              "52.149.193.11",
              "52.149.236.71",
              "52.142.30.27",
              "52.149.236.77",
              "52.149.236.148",
              "52.149.236.218",
              "52.149.236.234",
              "52.149.237.217",
              "52.149.238.134",
              "52.149.238.183",
              "52.149.238.243",
              "52.149.239.152",
              "52.152.190.238",
              "52.152.191.229",
              "52.170.160.64",
              "52.170.160.204",
              "52.170.161.142",
              "52.170.164.127",
              "52.170.164.144",
              "52.170.165.122",
              "52.170.165.126",
              "52.170.165.238",
              "52.170.166.5",
              "52.170.166.32",
              "52.170.166.96",
              "52.170.166.249",
              "52.170.167.19",
              "52.170.167.131",
              "52.186.104.90",
              "20.119.16.43"
            ],
            "possible_outbound_ip_addresses": "52.170.164.127,52.170.164.144,52.170.165.122,52.170.165.126,52.170.165.238,52.170.166.5,52.188.220.88,52.149.193.11,52.149.236.71,52.142.30.27,52.149.236.77,52.149.236.148,52.149.236.218,52.149.236.234,52.149.237.217,52.149.238.134,52.149.238.183,52.149.238.243,52.149.239.152,52.152.190.238,52.152.191.229,52.170.160.64,52.170.160.204,52.170.161.142,52.170.164.127,52.170.164.144,52.170.165.122,52.170.165.126,52.170.165.238,52.170.166.5,52.170.166.32,52.170.166.96,52.170.166.249,52.170.167.19,52.170.167.131,52.186.104.90,20.119.16.43",
            "public_network_access_enabled": true,
            "resource_group_name": "Tollbooth-resource-group",
            "service_plan_id": "/subscriptions/534c4764-9a43-4fcf-a2a9-5fe2f89bc93e/resourceGroups/Tollbooth-resource-group/providers/Microsoft.Web/serverfarms/AppServicePlan",
            "site_config": [
              {
                "always_on": false,
                "api_definition_url": "",
                "api_management_api_id": "",
                "app_command_line": "",
                "app_scale_limit": 0,
                "app_service_logs": [],
                "application_insights_connection_string": "",
                "application_insights_key": "",
                "application_stack": [
                  {
                    "docker": [],
                    "dotnet_version": "6.0",
                    "java_version": "",
                    "node_version": "",
                    "powershell_core_version": "",
                    "python_version": "",
                    "use_custom_runtime": false,
                    "use_dotnet_isolated_runtime": false
                  }
                ],
                "container_registry_managed_identity_client_id": "",
                "container_registry_use_managed_identity": false,
                "cors": [],
                "default_documents": [
                  "Default.htm",
                  "Default.html",
                  "Default.asp",
                  "index.htm",
                  "index.html",
                  "iisstart.htm",
                  "default.aspx",
                  "index.php"
                ],
                "detailed_error_logging_enabled": false,
                "elastic_instance_minimum": 0,
                "ftps_state": "Disabled",
                "health_check_eviction_time_in_min": 0,
                "health_check_path": "",
                "http2_enabled": false,
                "ip_restriction": [],
                "linux_fx_version": "DOTNET|6.0",
                "load_balancing_mode": "LeastRequests",
                "managed_pipeline_mode": "Integrated",
                "minimum_tls_version": "1.2",
                "pre_warmed_instance_count": 0,
                "remote_debugging_enabled": false,
                "remote_debugging_version": "",
                "runtime_scale_monitoring_enabled": false,
                "scm_ip_restriction": [],
                "scm_minimum_tls_version": "1.2",
                "scm_type": "None",
                "scm_use_main_ip_restriction": false,
                "use_32_bit_worker": false,
                "vnet_route_all_enabled": false,
                "websockets_enabled": false,
                "worker_count": 1
              }
            ],
            "site_credential": [
              {
                "name": "$AppFunctionApp5uq",
                "password": "gLdvPj7QrnxZiZqD8Z2fPCQbQj0zTu7XEyX3dWsNeqB66unGnS2kw1dSQXok"
              }
            ],
            "sticky_settings": [],
            "storage_account": [],
            "storage_account_access_key": "XLWUhy6iei2Ef+zCHPOqsDr/W/XRpzMIK2MEn0W7vokAmnOKZvvR+paFoIYv7zYh4/ycUEHIikRm+AStlWSxQw==",
            "storage_account_name": "apprsf1hb",
            "storage_key_vault_secret_id": "",
            "storage_uses_managed_identity": false,
            "tags": {},
            "timeouts": null,
            "virtual_network_subnet_id": "",
            "zip_deploy_file": ""
          },
          "sensitive_attributes": [
            [
              {
                "type": "get_attr",
                "value": "storage_account_access_key"
              }
            ]
          ],
          "private": "eyJlMmJmYjczMC1lY2FhLTExZTYtOGY4OC0zNDM2M2JjN2M0YzAiOnsiY3JlYXRlIjoxODAwMDAwMDAwMDAwLCJkZWxldGUiOjE4MDAwMDAwMDAwMDAsInJlYWQiOjMwMDAwMDAwMDAwMCwidXBkYXRlIjoxODAwMDAwMDAwMDAwfX0=",
          "dependencies": [
            "module.app_function_app.azurerm_service_plan.app",
            "module.app_function_app.azurerm_storage_account.app",
            "module.app_function_app.random_string.sixrandom",
            "module.app_function_app.random_string.threerandom",
            "module.computer_vision.azurerm_cognitive_account.tollbooth",
            "module.cosmosdb.azurerm_cosmosdb_account.tollbooth",
            "module.cosmosdb.azurerm_cosmosdb_sql_container.processed_container",
            "module.cosmosdb.azurerm_cosmosdb_sql_database.tollbooth",
            "module.eventgrid_topic.azurerm_eventgrid_topic.tollbooth",
            "module.resource_group.azurerm_resource_group.tollbooth"
          ]
        }
      ]
    },
    {
      "module": "module.app_function_app",
      "mode": "managed",
      "type": "azurerm_service_plan",
      "name": "app",
      "provider": "provider[\"registry.terraform.io/hashicorp/azurerm\"]",
      "instances": [
        {
          "schema_version": 0,
          "attributes": {
            "app_service_environment_id": "",
            "id": "/subscriptions/534c4764-9a43-4fcf-a2a9-5fe2f89bc93e/resourceGroups/Tollbooth-resource-group/providers/Microsoft.Web/serverfarms/AppServicePlan",
            "kind": "linux",
            "location": "eastus",
            "maximum_elastic_worker_count": 1,
            "name": "AppServicePlan",
            "os_type": "Linux",
            "per_site_scaling_enabled": false,
            "reserved": true,
            "resource_group_name": "Tollbooth-resource-group",
            "sku_name": "S1",
            "tags": {},
            "timeouts": null,
            "worker_count": 1,
            "zone_balancing_enabled": false
          },
          "sensitive_attributes": [],
          "private": "eyJlMmJmYjczMC1lY2FhLTExZTYtOGY4OC0zNDM2M2JjN2M0YzAiOnsiY3JlYXRlIjozNjAwMDAwMDAwMDAwLCJkZWxldGUiOjM2MDAwMDAwMDAwMDAsInJlYWQiOjMwMDAwMDAwMDAwMCwidXBkYXRlIjozNjAwMDAwMDAwMDAwfX0=",
          "dependencies": [
            "module.resource_group.azurerm_resource_group.tollbooth"
          ]
        }
      ]
    },
    {
      "module": "module.app_function_app",
      "mode": "managed",
      "type": "azurerm_storage_account",
      "name": "app",
      "provider": "provider[\"registry.terraform.io/hashicorp/azurerm\"]",
      "instances": [
        {
          "schema_version": 4,
          "attributes": {
            "access_tier": "Hot",
            "account_kind": "StorageV2",
            "account_replication_type": "RAGRS",
            "account_tier": "Standard",
            "allow_nested_items_to_be_public": true,
            "allowed_copy_scope": "",
            "azure_files_authentication": [],
            "blob_properties": [
              {
                "change_feed_enabled": false,
                "change_feed_retention_in_days": 0,
                "container_delete_retention_policy": [],
                "cors_rule": [],
                "default_service_version": "",
                "delete_retention_policy": [],
                "last_access_time_enabled": false,
                "restore_policy": [],
                "versioning_enabled": false
              }
            ],
            "cross_tenant_replication_enabled": true,
            "custom_domain": [],
            "customer_managed_key": [],
            "default_to_oauth_authentication": false,
            "edge_zone": "",
            "enable_https_traffic_only": true,
            "id": "/subscriptions/534c4764-9a43-4fcf-a2a9-5fe2f89bc93e/resourceGroups/Tollbooth-resource-group/providers/Microsoft.Storage/storageAccounts/apprsf1hb",
            "identity": [],
            "immutability_policy": [],
            "infrastructure_encryption_enabled": false,
            "is_hns_enabled": false,
            "large_file_share_enabled": null,
            "location": "eastus",
            "min_tls_version": "TLS1_2",
            "name": "apprsf1hb",
            "network_rules": [
              {
                "bypass": [
                  "AzureServices"
                ],
                "default_action": "Allow",
                "ip_rules": [],
                "private_link_access": [],
                "virtual_network_subnet_ids": []
              }
            ],
            "nfsv3_enabled": false,
            "primary_access_key": "XLWUhy6iei2Ef+zCHPOqsDr/W/XRpzMIK2MEn0W7vokAmnOKZvvR+paFoIYv7zYh4/ycUEHIikRm+AStlWSxQw==",
            "primary_blob_connection_string": "DefaultEndpointsProtocol=https;BlobEndpoint=https://apprsf1hb.blob.core.windows.net/;AccountName=apprsf1hb;AccountKey=XLWUhy6iei2Ef+zCHPOqsDr/W/XRpzMIK2MEn0W7vokAmnOKZvvR+paFoIYv7zYh4/ycUEHIikRm+AStlWSxQw==",
            "primary_blob_endpoint": "https://apprsf1hb.blob.core.windows.net/",
            "primary_blob_host": "apprsf1hb.blob.core.windows.net",
            "primary_connection_string": "DefaultEndpointsProtocol=https;AccountName=apprsf1hb;AccountKey=XLWUhy6iei2Ef+zCHPOqsDr/W/XRpzMIK2MEn0W7vokAmnOKZvvR+paFoIYv7zYh4/ycUEHIikRm+AStlWSxQw==;EndpointSuffix=core.windows.net",
            "primary_dfs_endpoint": "https://apprsf1hb.dfs.core.windows.net/",
            "primary_dfs_host": "apprsf1hb.dfs.core.windows.net",
            "primary_file_endpoint": "https://apprsf1hb.file.core.windows.net/",
            "primary_file_host": "apprsf1hb.file.core.windows.net",
            "primary_location": "eastus",
            "primary_queue_endpoint": "https://apprsf1hb.queue.core.windows.net/",
            "primary_queue_host": "apprsf1hb.queue.core.windows.net",
            "primary_table_endpoint": "https://apprsf1hb.table.core.windows.net/",
            "primary_table_host": "apprsf1hb.table.core.windows.net",
            "primary_web_endpoint": "https://apprsf1hb.z13.web.core.windows.net/",
            "primary_web_host": "apprsf1hb.z13.web.core.windows.net",
            "public_network_access_enabled": true,
            "queue_encryption_key_type": "Service",
            "queue_properties": [
              {
                "cors_rule": [],
                "hour_metrics": [
                  {
                    "enabled": true,
                    "include_apis": true,
                    "retention_policy_days": 7,
                    "version": "1.0"
                  }
                ],
                "logging": [
                  {
                    "delete": false,
                    "read": false,
                    "retention_policy_days": 0,
                    "version": "1.0",
                    "write": false
                  }
                ],
                "minute_metrics": [
                  {
                    "enabled": false,
                    "include_apis": false,
                    "retention_policy_days": 0,
                    "version": "1.0"
                  }
                ]
              }
            ],
            "resource_group_name": "Tollbooth-resource-group",
            "routing": [],
            "sas_policy": [],
            "secondary_access_key": "fY/A6blRN5XDTz+4AtvJC2b2sWR6dTK+9JQZJ/F/fVNVvroEjhAFjqOTctdfC+X8PcE3W6fOfvtd+AStOkvSTw==",
            "secondary_blob_connection_string": "DefaultEndpointsProtocol=https;BlobEndpoint=https://apprsf1hb-secondary.blob.core.windows.net/;AccountName=apprsf1hb;AccountKey=fY/A6blRN5XDTz+4AtvJC2b2sWR6dTK+9JQZJ/F/fVNVvroEjhAFjqOTctdfC+X8PcE3W6fOfvtd+AStOkvSTw==",
            "secondary_blob_endpoint": "https://apprsf1hb-secondary.blob.core.windows.net/",
            "secondary_blob_host": "apprsf1hb-secondary.blob.core.windows.net",
            "secondary_connection_string": "DefaultEndpointsProtocol=https;AccountName=apprsf1hb;AccountKey=fY/A6blRN5XDTz+4AtvJC2b2sWR6dTK+9JQZJ/F/fVNVvroEjhAFjqOTctdfC+X8PcE3W6fOfvtd+AStOkvSTw==;EndpointSuffix=core.windows.net",
            "secondary_dfs_endpoint": "https://apprsf1hb-secondary.dfs.core.windows.net/",
            "secondary_dfs_host": "apprsf1hb-secondary.dfs.core.windows.net",
            "secondary_file_endpoint": "",
            "secondary_file_host": "",
            "secondary_location": "westus",
            "secondary_queue_endpoint": "https://apprsf1hb-secondary.queue.core.windows.net/",
            "secondary_queue_host": "apprsf1hb-secondary.queue.core.windows.net",
            "secondary_table_endpoint": "https://apprsf1hb-secondary.table.core.windows.net/",
            "secondary_table_host": "apprsf1hb-secondary.table.core.windows.net",
            "secondary_web_endpoint": "https://apprsf1hb-secondary.z13.web.core.windows.net/",
            "secondary_web_host": "apprsf1hb-secondary.z13.web.core.windows.net",
            "sftp_enabled": false,
            "share_properties": [
              {
                "cors_rule": [],
                "retention_policy": [
                  {
                    "days": 7
                  }
                ],
                "smb": []
              }
            ],
            "shared_access_key_enabled": true,
            "static_website": [],
            "table_encryption_key_type": "Service",
            "tags": {},
            "timeouts": null
          },
          "sensitive_attributes": [],
          "private": "eyJlMmJmYjczMC1lY2FhLTExZTYtOGY4OC0zNDM2M2JjN2M0YzAiOnsiY3JlYXRlIjozNjAwMDAwMDAwMDAwLCJkZWxldGUiOjM2MDAwMDAwMDAwMDAsInJlYWQiOjMwMDAwMDAwMDAwMCwidXBkYXRlIjozNjAwMDAwMDAwMDAwfSwic2NoZW1hX3ZlcnNpb24iOiI0In0=",
          "dependencies": [
            "module.app_function_app.random_string.sixrandom",
            "module.resource_group.azurerm_resource_group.tollbooth"
          ]
        }
      ]
    },
    {
      "module": "module.app_function_app",
      "mode": "managed",
      "type": "random_string",
      "name": "sixrandom",
      "provider": "provider[\"registry.terraform.io/hashicorp/random\"]",
      "instances": [
        {
          "schema_version": 2,
          "attributes": {
            "id": "rsf1hb",
            "keepers": null,
            "length": 6,
            "lower": true,
            "min_lower": 0,
            "min_numeric": 0,
            "min_special": 0,
            "min_upper": 0,
            "number": true,
            "numeric": true,
            "override_special": null,
            "result": "rsf1hb",
            "special": false,
            "upper": false
          },
          "sensitive_attributes": []
        }
      ]
    },
    {
      "module": "module.app_function_app",
      "mode": "managed",
      "type": "random_string",
      "name": "threerandom",
      "provider": "provider[\"registry.terraform.io/hashicorp/random\"]",
      "instances": [
        {
          "schema_version": 2,
          "attributes": {
            "id": "5uq",
            "keepers": null,
            "length": 3,
            "lower": true,
            "min_lower": 0,
            "min_numeric": 0,
            "min_special": 0,
            "min_upper": 0,
            "number": true,
            "numeric": true,
            "override_special": null,
            "result": "5uq",
            "special": false,
            "upper": false
          },
          "sensitive_attributes": []
        }
      ]
    },
    {
      "module": "module.computer_vision",
      "mode": "managed",
      "type": "azurerm_cognitive_account",
      "name": "tollbooth",
      "provider": "provider[\"registry.terraform.io/hashicorp/azurerm\"]",
      "instances": [
        {
          "schema_version": 0,
          "attributes": {
            "custom_question_answering_search_service_id": null,
            "custom_question_answering_search_service_key": null,
            "custom_subdomain_name": "",
            "customer_managed_key": [],
            "dynamic_throttling_enabled": false,
            "endpoint": "https://eastus.api.cognitive.microsoft.com/",
            "fqdns": [],
            "id": "/subscriptions/534c4764-9a43-4fcf-a2a9-5fe2f89bc93e/resourceGroups/Tollbooth-resource-group/providers/Microsoft.CognitiveServices/accounts/TollboothComputerVision",
            "identity": [],
            "kind": "ComputerVision",
            "local_auth_enabled": true,
            "location": "eastus",
            "metrics_advisor_aad_client_id": null,
            "metrics_advisor_aad_tenant_id": null,
            "metrics_advisor_super_user_name": null,
            "metrics_advisor_website_name": null,
            "name": "TollboothComputerVision",
            "network_acls": [],
            "outbound_network_access_restricted": false,
            "primary_access_key": "f0b12219986a443688c7927a6895e71c",
            "public_network_access_enabled": true,
            "qna_runtime_endpoint": null,
            "resource_group_name": "Tollbooth-resource-group",
            "secondary_access_key": "64882fd4208049ae92480ee52f2beb80",
            "sku_name": "S1",
            "storage": [],
            "tags": {},
            "timeouts": null
          },
          "sensitive_attributes": [],
          "private": "eyJlMmJmYjczMC1lY2FhLTExZTYtOGY4OC0zNDM2M2JjN2M0YzAiOnsiY3JlYXRlIjoxODAwMDAwMDAwMDAwLCJkZWxldGUiOjE4MDAwMDAwMDAwMDAsInJlYWQiOjMwMDAwMDAwMDAwMCwidXBkYXRlIjoxODAwMDAwMDAwMDAwfX0=",
          "dependencies": [
            "module.resource_group.azurerm_resource_group.tollbooth"
          ]
        }
      ]
    },
    {
      "module": "module.cosmosdb",
      "mode": "managed",
      "type": "azurerm_cosmosdb_account",
      "name": "tollbooth",
      "provider": "provider[\"registry.terraform.io/hashicorp/azurerm\"]",
      "instances": [
        {
          "schema_version": 0,
          "attributes": {
            "access_key_metadata_writes_enabled": true,
            "analytical_storage": [
              {
                "schema_type": "WellDefined"
              }
            ],
            "analytical_storage_enabled": false,
            "backup": [
              {
                "interval_in_minutes": 240,
                "retention_in_hours": 8,
                "storage_redundancy": "Geo",
                "type": "Periodic"
              }
            ],
            "capabilities": [
              {
                "name": "EnableServerless"
              }
            ],
            "capacity": [],
            "connection_strings": [
              "AccountEndpoint=https://initstorageaccount.documents.azure.com:443/;AccountKey=YCrQ7su6TeaXF32RMWTrx7KTuvBxZn0fKSfVFH2ZR0YtaLiJ2BtTjsYqPdiIbJw5uWnaN1w9DujPACDbqKxVtw==;",
              "AccountEndpoint=https://initstorageaccount.documents.azure.com:443/;AccountKey=8S6Faz8uGmIca3zo7IxSmSEbYycaT0F8TJhGhHDU4uzaXDMeWdNRWs71REFaBw4g6RKRzzy1cyBCACDb4CKX7A==;",
              "AccountEndpoint=https://initstorageaccount.documents.azure.com:443/;AccountKey=NgN75Zi9SamdL5gLTT8LBCXTq0RB3ALfcYOH2NO3LU9DrQLPasbgSBXt5vy7Z3nD7mUbORl1gErdACDbOBgk3g==;",
              "AccountEndpoint=https://initstorageaccount.documents.azure.com:443/;AccountKey=sNfMOtJo3H8W7WdhGiMRpNiJTz5Q4PFZkdP7i61RKsBcuJvJAtYh0MrJZShdIKLzCsOEfRiJFtdwACDbc2F46A==;"
            ],
            "consistency_policy": [
              {
                "consistency_level": "Session",
                "max_interval_in_seconds": 5,
                "max_staleness_prefix": 100
              }
            ],
            "cors_rule": [],
            "create_mode": "",
            "default_identity_type": "FirstPartyIdentity",
            "enable_automatic_failover": false,
            "enable_free_tier": false,
            "enable_multiple_write_locations": false,
            "endpoint": "https://initstorageaccount.documents.azure.com:443/",
            "geo_location": [
              {
                "failover_priority": 0,
                "id": "initstorageaccount-eastus",
                "location": "eastus",
                "zone_redundant": false
              }
            ],
            "id": "/subscriptions/534c4764-9a43-4fcf-a2a9-5fe2f89bc93e/resourceGroups/Tollbooth-resource-group/providers/Microsoft.DocumentDB/databaseAccounts/initstorageaccount",
            "identity": [],
            "ip_range_filter": "",
            "is_virtual_network_filter_enabled": false,
            "key_vault_key_id": null,
            "kind": "GlobalDocumentDB",
            "local_authentication_disabled": false,
            "location": "eastus",
            "mongo_server_version": null,
            "name": "initstorageaccount",
            "network_acl_bypass_for_azure_services": false,
            "network_acl_bypass_ids": [],
            "offer_type": "Standard",
            "primary_key": "YCrQ7su6TeaXF32RMWTrx7KTuvBxZn0fKSfVFH2ZR0YtaLiJ2BtTjsYqPdiIbJw5uWnaN1w9DujPACDbqKxVtw==",
            "primary_mongodb_connection_string": null,
            "primary_readonly_key": "NgN75Zi9SamdL5gLTT8LBCXTq0RB3ALfcYOH2NO3LU9DrQLPasbgSBXt5vy7Z3nD7mUbORl1gErdACDbOBgk3g==",
            "primary_readonly_mongodb_connection_string": null,
            "primary_readonly_sql_connection_string": "AccountEndpoint=https://initstorageaccount.documents.azure.com:443/;AccountKey=NgN75Zi9SamdL5gLTT8LBCXTq0RB3ALfcYOH2NO3LU9DrQLPasbgSBXt5vy7Z3nD7mUbORl1gErdACDbOBgk3g==;",
            "primary_sql_connection_string": "AccountEndpoint=https://initstorageaccount.documents.azure.com:443/;AccountKey=YCrQ7su6TeaXF32RMWTrx7KTuvBxZn0fKSfVFH2ZR0YtaLiJ2BtTjsYqPdiIbJw5uWnaN1w9DujPACDbqKxVtw==;",
            "public_network_access_enabled": true,
            "read_endpoints": [
              "https://initstorageaccount-eastus.documents.azure.com:443/"
            ],
            "resource_group_name": "Tollbooth-resource-group",
            "restore": [],
            "secondary_key": "8S6Faz8uGmIca3zo7IxSmSEbYycaT0F8TJhGhHDU4uzaXDMeWdNRWs71REFaBw4g6RKRzzy1cyBCACDb4CKX7A==",
            "secondary_mongodb_connection_string": null,
            "secondary_readonly_key": "sNfMOtJo3H8W7WdhGiMRpNiJTz5Q4PFZkdP7i61RKsBcuJvJAtYh0MrJZShdIKLzCsOEfRiJFtdwACDbc2F46A==",
            "secondary_readonly_mongodb_connection_string": null,
            "secondary_readonly_sql_connection_string": "AccountEndpoint=https://initstorageaccount.documents.azure.com:443/;AccountKey=sNfMOtJo3H8W7WdhGiMRpNiJTz5Q4PFZkdP7i61RKsBcuJvJAtYh0MrJZShdIKLzCsOEfRiJFtdwACDbc2F46A==;",
            "secondary_sql_connection_string": "AccountEndpoint=https://initstorageaccount.documents.azure.com:443/;AccountKey=8S6Faz8uGmIca3zo7IxSmSEbYycaT0F8TJhGhHDU4uzaXDMeWdNRWs71REFaBw4g6RKRzzy1cyBCACDb4CKX7A==;",
            "tags": {},
            "timeouts": null,
            "virtual_network_rule": [],
            "write_endpoints": [
              "https://initstorageaccount-eastus.documents.azure.com:443/"
            ]
          },
          "sensitive_attributes": [],
          "private": "eyJlMmJmYjczMC1lY2FhLTExZTYtOGY4OC0zNDM2M2JjN2M0YzAiOnsiY3JlYXRlIjoxMDgwMDAwMDAwMDAwMCwiZGVsZXRlIjoxMDgwMDAwMDAwMDAwMCwicmVhZCI6MzAwMDAwMDAwMDAwLCJ1cGRhdGUiOjEwODAwMDAwMDAwMDAwfX0=",
          "dependencies": [
            "module.resource_group.azurerm_resource_group.tollbooth"
          ]
        }
      ]
    },
    {
      "module": "module.cosmosdb",
      "mode": "managed",
      "type": "azurerm_cosmosdb_sql_container",
      "name": "man_review_container",
      "provider": "provider[\"registry.terraform.io/hashicorp/azurerm\"]",
      "instances": [
        {
          "schema_version": 1,
          "attributes": {
            "account_name": "initstorageaccount",
            "analytical_storage_ttl": null,
            "autoscale_settings": [],
            "conflict_resolution_policy": [
              {
                "conflict_resolution_path": "/_ts",
                "conflict_resolution_procedure": "",
                "mode": "LastWriterWins"
              }
            ],
            "database_name": "Database",
            "default_ttl": null,
            "id": "/subscriptions/534c4764-9a43-4fcf-a2a9-5fe2f89bc93e/resourceGroups/Tollbooth-resource-group/providers/Microsoft.DocumentDB/databaseAccounts/initstorageaccount/sqlDatabases/Database/containers/NeedsManualReview",
            "indexing_policy": [
              {
                "composite_index": [],
                "excluded_path": [],
                "included_path": [
                  {
                    "path": "/*"
                  }
                ],
                "indexing_mode": "consistent",
                "spatial_index": []
              }
            ],
            "name": "NeedsManualReview",
            "partition_key_path": "/licensePlateText",
            "partition_key_version": null,
            "resource_group_name": "Tollbooth-resource-group",
            "throughput": null,
            "timeouts": null,
            "unique_key": []
          },
          "sensitive_attributes": [],
          "private": "eyJlMmJmYjczMC1lY2FhLTExZTYtOGY4OC0zNDM2M2JjN2M0YzAiOnsiY3JlYXRlIjoxODAwMDAwMDAwMDAwLCJkZWxldGUiOjE4MDAwMDAwMDAwMDAsInJlYWQiOjMwMDAwMDAwMDAwMCwidXBkYXRlIjoxODAwMDAwMDAwMDAwfSwic2NoZW1hX3ZlcnNpb24iOiIxIn0=",
          "dependencies": [
            "module.cosmosdb.azurerm_cosmosdb_account.tollbooth",
            "module.cosmosdb.azurerm_cosmosdb_sql_database.tollbooth",
            "module.resource_group.azurerm_resource_group.tollbooth"
          ]
        }
      ]
    },
    {
      "module": "module.cosmosdb",
      "mode": "managed",
      "type": "azurerm_cosmosdb_sql_container",
      "name": "processed_container",
      "provider": "provider[\"registry.terraform.io/hashicorp/azurerm\"]",
      "instances": [
        {
          "schema_version": 1,
          "attributes": {
            "account_name": "initstorageaccount",
            "analytical_storage_ttl": null,
            "autoscale_settings": [],
            "conflict_resolution_policy": [
              {
                "conflict_resolution_path": "/_ts",
                "conflict_resolution_procedure": "",
                "mode": "LastWriterWins"
              }
            ],
            "database_name": "Database",
            "default_ttl": null,
            "id": "/subscriptions/534c4764-9a43-4fcf-a2a9-5fe2f89bc93e/resourceGroups/Tollbooth-resource-group/providers/Microsoft.DocumentDB/databaseAccounts/initstorageaccount/sqlDatabases/Database/containers/Processed",
            "indexing_policy": [
              {
                "composite_index": [],
                "excluded_path": [],
                "included_path": [
                  {
                    "path": "/*"
                  }
                ],
                "indexing_mode": "consistent",
                "spatial_index": []
              }
            ],
            "name": "Processed",
            "partition_key_path": "/filename",
            "partition_key_version": null,
            "resource_group_name": "Tollbooth-resource-group",
            "throughput": null,
            "timeouts": null,
            "unique_key": []
          },
          "sensitive_attributes": [],
          "private": "eyJlMmJmYjczMC1lY2FhLTExZTYtOGY4OC0zNDM2M2JjN2M0YzAiOnsiY3JlYXRlIjoxODAwMDAwMDAwMDAwLCJkZWxldGUiOjE4MDAwMDAwMDAwMDAsInJlYWQiOjMwMDAwMDAwMDAwMCwidXBkYXRlIjoxODAwMDAwMDAwMDAwfSwic2NoZW1hX3ZlcnNpb24iOiIxIn0=",
          "dependencies": [
            "module.cosmosdb.azurerm_cosmosdb_account.tollbooth",
            "module.cosmosdb.azurerm_cosmosdb_sql_database.tollbooth",
            "module.resource_group.azurerm_resource_group.tollbooth"
          ]
        }
      ]
    },
    {
      "module": "module.cosmosdb",
      "mode": "managed",
      "type": "azurerm_cosmosdb_sql_database",
      "name": "tollbooth",
      "provider": "provider[\"registry.terraform.io/hashicorp/azurerm\"]",
      "instances": [
        {
          "schema_version": 1,
          "attributes": {
            "account_name": "initstorageaccount",
            "autoscale_settings": [],
            "id": "/subscriptions/534c4764-9a43-4fcf-a2a9-5fe2f89bc93e/resourceGroups/Tollbooth-resource-group/providers/Microsoft.DocumentDB/databaseAccounts/initstorageaccount/sqlDatabases/Database",
            "name": "Database",
            "resource_group_name": "Tollbooth-resource-group",
            "throughput": null,
            "timeouts": null
          },
          "sensitive_attributes": [],
          "private": "eyJlMmJmYjczMC1lY2FhLTExZTYtOGY4OC0zNDM2M2JjN2M0YzAiOnsiY3JlYXRlIjoxODAwMDAwMDAwMDAwLCJkZWxldGUiOjE4MDAwMDAwMDAwMDAsInJlYWQiOjMwMDAwMDAwMDAwMCwidXBkYXRlIjoxODAwMDAwMDAwMDAwfSwic2NoZW1hX3ZlcnNpb24iOiIxIn0=",
          "dependencies": [
            "module.cosmosdb.azurerm_cosmosdb_account.tollbooth",
            "module.resource_group.azurerm_resource_group.tollbooth"
          ]
        }
      ]
    },
    {
      "module": "module.eventgrid_topic",
      "mode": "managed",
      "type": "azurerm_eventgrid_topic",
      "name": "tollbooth",
      "provider": "provider[\"registry.terraform.io/hashicorp/azurerm\"]",
      "instances": [
        {
          "schema_version": 0,
          "attributes": {
            "endpoint": "https://tollbootheventgridtopic.eastus-1.eventgrid.azure.net/api/events",
            "id": "/subscriptions/534c4764-9a43-4fcf-a2a9-5fe2f89bc93e/resourceGroups/Tollbooth-resource-group/providers/Microsoft.EventGrid/topics/TollboothEventGridTopic",
            "identity": [],
            "inbound_ip_rule": [],
            "input_mapping_default_values": [],
            "input_mapping_fields": [],
            "input_schema": "EventGridSchema",
            "local_auth_enabled": true,
            "location": "eastus",
            "name": "TollboothEventGridTopic",
            "primary_access_key": "q7FIXx2xuvuYkSMnRE4pQ5ZStH7USgKjQR9qLAwqvt8=",
            "public_network_access_enabled": true,
            "resource_group_name": "Tollbooth-resource-group",
            "secondary_access_key": "M+E2FGStsqG2X3/gEAL6RX9c3AnYeX5LIMUQCl0/esc=",
            "tags": {},
            "timeouts": null
          },
          "sensitive_attributes": [],
          "private": "eyJlMmJmYjczMC1lY2FhLTExZTYtOGY4OC0zNDM2M2JjN2M0YzAiOnsiY3JlYXRlIjoxODAwMDAwMDAwMDAwLCJkZWxldGUiOjE4MDAwMDAwMDAwMDAsInJlYWQiOjMwMDAwMDAwMDAwMCwidXBkYXRlIjoxODAwMDAwMDAwMDAwfX0=",
          "dependencies": [
            "module.resource_group.azurerm_resource_group.tollbooth"
          ]
        }
      ]
    },
    {
      "module": "module.events_function_app",
      "mode": "managed",
      "type": "azurerm_linux_function_app",
      "name": "events",
      "provider": "provider[\"registry.terraform.io/hashicorp/azurerm\"]",
      "instances": [
        {
          "schema_version": 0,
          "attributes": {
            "app_settings": {},
            "auth_settings": [],
            "auth_settings_v2": [],
            "backup": [],
            "builtin_logging_enabled": true,
            "client_certificate_enabled": false,
            "client_certificate_exclusion_paths": "",
            "client_certificate_mode": "Optional",
            "connection_string": [],
            "content_share_force_disabled": false,
            "custom_domain_verification_id": "72A6B785469AA4394C141C3E653FAE82CF1689E66C13358DC4CAEA81BBC7C3E9",
            "daily_memory_time_quota": 0,
            "default_hostname": "eventsfunctionappshs.azurewebsites.net",
            "enabled": true,
            "functions_extension_version": "~4",
            "hosting_environment_id": "",
            "https_only": false,
            "id": "/subscriptions/534c4764-9a43-4fcf-a2a9-5fe2f89bc93e/resourceGroups/Tollbooth-resource-group/providers/Microsoft.Web/sites/EventsFunctionAppshs",
            "identity": [],
            "key_vault_reference_identity_id": "SystemAssigned",
            "kind": "functionapp,linux",
            "location": "eastus",
            "name": "EventsFunctionAppshs",
            "outbound_ip_address_list": [
              "52.170.164.127",
              "52.170.164.144",
              "52.170.165.122",
              "52.170.165.126",
              "52.170.165.238",
              "52.170.166.5",
              "52.188.220.88",
              "52.149.193.11",
              "52.149.236.71",
              "52.142.30.27",
              "52.149.236.77",
              "52.149.236.148",
              "20.119.16.43"
            ],
            "outbound_ip_addresses": "52.170.164.127,52.170.164.144,52.170.165.122,52.170.165.126,52.170.165.238,52.170.166.5,52.188.220.88,52.149.193.11,52.149.236.71,52.142.30.27,52.149.236.77,52.149.236.148,20.119.16.43",
            "possible_outbound_ip_address_list": [
              "52.170.164.127",
              "52.170.164.144",
              "52.170.165.122",
              "52.170.165.126",
              "52.170.165.238",
              "52.170.166.5",
              "52.188.220.88",
              "52.149.193.11",
              "52.149.236.71",
              "52.142.30.27",
              "52.149.236.77",
              "52.149.236.148",
              "52.149.236.218",
              "52.149.236.234",
              "52.149.237.217",
              "52.149.238.134",
              "52.149.238.183",
              "52.149.238.243",
              "52.149.239.152",
              "52.152.190.238",
              "52.152.191.229",
              "52.170.160.64",
              "52.170.160.204",
              "52.170.161.142",
              "52.170.164.127",
              "52.170.164.144",
              "52.170.165.122",
              "52.170.165.126",
              "52.170.165.238",
              "52.170.166.5",
              "52.170.166.32",
              "52.170.166.96",
              "52.170.166.249",
              "52.170.167.19",
              "52.170.167.131",
              "52.186.104.90",
              "20.119.16.43"
            ],
            "possible_outbound_ip_addresses": "52.170.164.127,52.170.164.144,52.170.165.122,52.170.165.126,52.170.165.238,52.170.166.5,52.188.220.88,52.149.193.11,52.149.236.71,52.142.30.27,52.149.236.77,52.149.236.148,52.149.236.218,52.149.236.234,52.149.237.217,52.149.238.134,52.149.238.183,52.149.238.243,52.149.239.152,52.152.190.238,52.152.191.229,52.170.160.64,52.170.160.204,52.170.161.142,52.170.164.127,52.170.164.144,52.170.165.122,52.170.165.126,52.170.165.238,52.170.166.5,52.170.166.32,52.170.166.96,52.170.166.249,52.170.167.19,52.170.167.131,52.186.104.90,20.119.16.43",
            "public_network_access_enabled": true,
            "resource_group_name": "Tollbooth-resource-group",
            "service_plan_id": "/subscriptions/534c4764-9a43-4fcf-a2a9-5fe2f89bc93e/resourceGroups/Tollbooth-resource-group/providers/Microsoft.Web/serverfarms/EventsServicePlan",
            "site_config": [
              {
                "always_on": false,
                "api_definition_url": "",
                "api_management_api_id": "",
                "app_command_line": "",
                "app_scale_limit": 0,
                "app_service_logs": [],
                "application_insights_connection_string": "",
                "application_insights_key": "",
                "application_stack": [
                  {
                    "docker": [],
                    "dotnet_version": "",
                    "java_version": "",
                    "node_version": "12",
                    "powershell_core_version": "",
                    "python_version": "",
                    "use_custom_runtime": false,
                    "use_dotnet_isolated_runtime": false
                  }
                ],
                "container_registry_managed_identity_client_id": "",
                "container_registry_use_managed_identity": false,
                "cors": [],
                "default_documents": [
                  "Default.htm",
                  "Default.html",
                  "Default.asp",
                  "index.htm",
                  "index.html",
                  "iisstart.htm",
                  "default.aspx",
                  "index.php"
                ],
                "detailed_error_logging_enabled": false,
                "elastic_instance_minimum": 0,
                "ftps_state": "Disabled",
                "health_check_eviction_time_in_min": 0,
                "health_check_path": "",
                "http2_enabled": false,
                "ip_restriction": [],
                "linux_fx_version": "NODE|12",
                "load_balancing_mode": "LeastRequests",
                "managed_pipeline_mode": "Integrated",
                "minimum_tls_version": "1.2",
                "pre_warmed_instance_count": 0,
                "remote_debugging_enabled": false,
                "remote_debugging_version": "",
                "runtime_scale_monitoring_enabled": false,
                "scm_ip_restriction": [],
                "scm_minimum_tls_version": "1.2",
                "scm_type": "None",
                "scm_use_main_ip_restriction": false,
                "use_32_bit_worker": false,
                "vnet_route_all_enabled": false,
                "websockets_enabled": false,
                "worker_count": 1
              }
            ],
            "site_credential": [
              {
                "name": "$EventsFunctionAppshs",
                "password": "eEgnCttaXmkYA048YwXTAksYWhg2sgZTa00f0fBM1CP4tneG1QMgA016FWEz"
              }
            ],
            "sticky_settings": [],
            "storage_account": [],
            "storage_account_access_key": "pi7lu9IaOPfV6+wyUzzjwmWScG7akBuUsAGZmQLXbZ7ccxmlLAKdAOIO2r7uX/Bq/Ocpj+rY0Gk6+AStJHy6Nw==",
            "storage_account_name": "eventsd29bt6",
            "storage_key_vault_secret_id": "",
            "storage_uses_managed_identity": false,
            "tags": {},
            "timeouts": null,
            "virtual_network_subnet_id": "",
            "zip_deploy_file": ""
          },
          "sensitive_attributes": [
            [
              {
                "type": "get_attr",
                "value": "storage_account_access_key"
              }
            ]
          ],
          "private": "eyJlMmJmYjczMC1lY2FhLTExZTYtOGY4OC0zNDM2M2JjN2M0YzAiOnsiY3JlYXRlIjoxODAwMDAwMDAwMDAwLCJkZWxldGUiOjE4MDAwMDAwMDAwMDAsInJlYWQiOjMwMDAwMDAwMDAwMCwidXBkYXRlIjoxODAwMDAwMDAwMDAwfX0=",
          "dependencies": [
            "module.events_function_app.azurerm_service_plan.events",
            "module.events_function_app.azurerm_storage_account.events",
            "module.events_function_app.random_string.sixrandom",
            "module.events_function_app.random_string.threerandom",
            "module.resource_group.azurerm_resource_group.tollbooth"
          ]
        }
      ]
    },
    {
      "module": "module.events_function_app",
      "mode": "managed",
      "type": "azurerm_service_plan",
      "name": "events",
      "provider": "provider[\"registry.terraform.io/hashicorp/azurerm\"]",
      "instances": [
        {
          "schema_version": 0,
          "attributes": {
            "app_service_environment_id": "",
            "id": "/subscriptions/534c4764-9a43-4fcf-a2a9-5fe2f89bc93e/resourceGroups/Tollbooth-resource-group/providers/Microsoft.Web/serverfarms/EventsServicePlan",
            "kind": "linux",
            "location": "eastus",
            "maximum_elastic_worker_count": 1,
            "name": "EventsServicePlan",
            "os_type": "Linux",
            "per_site_scaling_enabled": false,
            "reserved": true,
            "resource_group_name": "Tollbooth-resource-group",
            "sku_name": "S1",
            "tags": {},
            "timeouts": null,
            "worker_count": 1,
            "zone_balancing_enabled": false
          },
          "sensitive_attributes": [],
          "private": "eyJlMmJmYjczMC1lY2FhLTExZTYtOGY4OC0zNDM2M2JjN2M0YzAiOnsiY3JlYXRlIjozNjAwMDAwMDAwMDAwLCJkZWxldGUiOjM2MDAwMDAwMDAwMDAsInJlYWQiOjMwMDAwMDAwMDAwMCwidXBkYXRlIjozNjAwMDAwMDAwMDAwfX0=",
          "dependencies": [
            "module.resource_group.azurerm_resource_group.tollbooth"
          ]
        }
      ]
    },
    {
      "module": "module.events_function_app",
      "mode": "managed",
      "type": "azurerm_storage_account",
      "name": "events",
      "provider": "provider[\"registry.terraform.io/hashicorp/azurerm\"]",
      "instances": [
        {
          "schema_version": 4,
          "attributes": {
            "access_tier": "Hot",
            "account_kind": "StorageV2",
            "account_replication_type": "RAGRS",
            "account_tier": "Standard",
            "allow_nested_items_to_be_public": true,
            "allowed_copy_scope": "",
            "azure_files_authentication": [],
            "blob_properties": [
              {
                "change_feed_enabled": false,
                "change_feed_retention_in_days": 0,
                "container_delete_retention_policy": [],
                "cors_rule": [],
                "default_service_version": "",
                "delete_retention_policy": [],
                "last_access_time_enabled": false,
                "restore_policy": [],
                "versioning_enabled": false
              }
            ],
            "cross_tenant_replication_enabled": true,
            "custom_domain": [],
            "customer_managed_key": [],
            "default_to_oauth_authentication": false,
            "edge_zone": "",
            "enable_https_traffic_only": true,
            "id": "/subscriptions/534c4764-9a43-4fcf-a2a9-5fe2f89bc93e/resourceGroups/Tollbooth-resource-group/providers/Microsoft.Storage/storageAccounts/eventsd29bt6",
            "identity": [],
            "immutability_policy": [],
            "infrastructure_encryption_enabled": false,
            "is_hns_enabled": false,
            "large_file_share_enabled": null,
            "location": "eastus",
            "min_tls_version": "TLS1_2",
            "name": "eventsd29bt6",
            "network_rules": [
              {
                "bypass": [
                  "AzureServices"
                ],
                "default_action": "Allow",
                "ip_rules": [],
                "private_link_access": [],
                "virtual_network_subnet_ids": []
              }
            ],
            "nfsv3_enabled": false,
            "primary_access_key": "pi7lu9IaOPfV6+wyUzzjwmWScG7akBuUsAGZmQLXbZ7ccxmlLAKdAOIO2r7uX/Bq/Ocpj+rY0Gk6+AStJHy6Nw==",
            "primary_blob_connection_string": "DefaultEndpointsProtocol=https;BlobEndpoint=https://eventsd29bt6.blob.core.windows.net/;AccountName=eventsd29bt6;AccountKey=pi7lu9IaOPfV6+wyUzzjwmWScG7akBuUsAGZmQLXbZ7ccxmlLAKdAOIO2r7uX/Bq/Ocpj+rY0Gk6+AStJHy6Nw==",
            "primary_blob_endpoint": "https://eventsd29bt6.blob.core.windows.net/",
            "primary_blob_host": "eventsd29bt6.blob.core.windows.net",
            "primary_connection_string": "DefaultEndpointsProtocol=https;AccountName=eventsd29bt6;AccountKey=pi7lu9IaOPfV6+wyUzzjwmWScG7akBuUsAGZmQLXbZ7ccxmlLAKdAOIO2r7uX/Bq/Ocpj+rY0Gk6+AStJHy6Nw==;EndpointSuffix=core.windows.net",
            "primary_dfs_endpoint": "https://eventsd29bt6.dfs.core.windows.net/",
            "primary_dfs_host": "eventsd29bt6.dfs.core.windows.net",
            "primary_file_endpoint": "https://eventsd29bt6.file.core.windows.net/",
            "primary_file_host": "eventsd29bt6.file.core.windows.net",
            "primary_location": "eastus",
            "primary_queue_endpoint": "https://eventsd29bt6.queue.core.windows.net/",
            "primary_queue_host": "eventsd29bt6.queue.core.windows.net",
            "primary_table_endpoint": "https://eventsd29bt6.table.core.windows.net/",
            "primary_table_host": "eventsd29bt6.table.core.windows.net",
            "primary_web_endpoint": "https://eventsd29bt6.z13.web.core.windows.net/",
            "primary_web_host": "eventsd29bt6.z13.web.core.windows.net",
            "public_network_access_enabled": true,
            "queue_encryption_key_type": "Service",
            "queue_properties": [
              {
                "cors_rule": [],
                "hour_metrics": [
                  {
                    "enabled": true,
                    "include_apis": true,
                    "retention_policy_days": 7,
                    "version": "1.0"
                  }
                ],
                "logging": [
                  {
                    "delete": false,
                    "read": false,
                    "retention_policy_days": 0,
                    "version": "1.0",
                    "write": false
                  }
                ],
                "minute_metrics": [
                  {
                    "enabled": false,
                    "include_apis": false,
                    "retention_policy_days": 0,
                    "version": "1.0"
                  }
                ]
              }
            ],
            "resource_group_name": "Tollbooth-resource-group",
            "routing": [],
            "sas_policy": [],
            "secondary_access_key": "K0/SWC3K1voJF3l6q/rgUO0sL5NnRbw3X3SSAucFidzeMN1Mv1N40tGOF65jhJskvAgPFi48b5cC+AStcII7UQ==",
            "secondary_blob_connection_string": "DefaultEndpointsProtocol=https;BlobEndpoint=https://eventsd29bt6-secondary.blob.core.windows.net/;AccountName=eventsd29bt6;AccountKey=K0/SWC3K1voJF3l6q/rgUO0sL5NnRbw3X3SSAucFidzeMN1Mv1N40tGOF65jhJskvAgPFi48b5cC+AStcII7UQ==",
            "secondary_blob_endpoint": "https://eventsd29bt6-secondary.blob.core.windows.net/",
            "secondary_blob_host": "eventsd29bt6-secondary.blob.core.windows.net",
            "secondary_connection_string": "DefaultEndpointsProtocol=https;AccountName=eventsd29bt6;AccountKey=K0/SWC3K1voJF3l6q/rgUO0sL5NnRbw3X3SSAucFidzeMN1Mv1N40tGOF65jhJskvAgPFi48b5cC+AStcII7UQ==;EndpointSuffix=core.windows.net",
            "secondary_dfs_endpoint": "https://eventsd29bt6-secondary.dfs.core.windows.net/",
            "secondary_dfs_host": "eventsd29bt6-secondary.dfs.core.windows.net",
            "secondary_file_endpoint": "",
            "secondary_file_host": "",
            "secondary_location": "westus",
            "secondary_queue_endpoint": "https://eventsd29bt6-secondary.queue.core.windows.net/",
            "secondary_queue_host": "eventsd29bt6-secondary.queue.core.windows.net",
            "secondary_table_endpoint": "https://eventsd29bt6-secondary.table.core.windows.net/",
            "secondary_table_host": "eventsd29bt6-secondary.table.core.windows.net",
            "secondary_web_endpoint": "https://eventsd29bt6-secondary.z13.web.core.windows.net/",
            "secondary_web_host": "eventsd29bt6-secondary.z13.web.core.windows.net",
            "sftp_enabled": false,
            "share_properties": [
              {
                "cors_rule": [],
                "retention_policy": [
                  {
                    "days": 7
                  }
                ],
                "smb": []
              }
            ],
            "shared_access_key_enabled": true,
            "static_website": [],
            "table_encryption_key_type": "Service",
            "tags": {},
            "timeouts": null
          },
          "sensitive_attributes": [],
          "private": "eyJlMmJmYjczMC1lY2FhLTExZTYtOGY4OC0zNDM2M2JjN2M0YzAiOnsiY3JlYXRlIjozNjAwMDAwMDAwMDAwLCJkZWxldGUiOjM2MDAwMDAwMDAwMDAsInJlYWQiOjMwMDAwMDAwMDAwMCwidXBkYXRlIjozNjAwMDAwMDAwMDAwfSwic2NoZW1hX3ZlcnNpb24iOiI0In0=",
          "dependencies": [
            "module.events_function_app.random_string.sixrandom",
            "module.resource_group.azurerm_resource_group.tollbooth"
          ]
        }
      ]
    },
    {
      "module": "module.events_function_app",
      "mode": "managed",
      "type": "random_string",
      "name": "sixrandom",
      "provider": "provider[\"registry.terraform.io/hashicorp/random\"]",
      "instances": [
        {
          "schema_version": 2,
          "attributes": {
            "id": "d29bt6",
            "keepers": null,
            "length": 6,
            "lower": true,
            "min_lower": 0,
            "min_numeric": 0,
            "min_special": 0,
            "min_upper": 0,
            "number": true,
            "numeric": true,
            "override_special": null,
            "result": "d29bt6",
            "special": false,
            "upper": false
          },
          "sensitive_attributes": []
        }
      ]
    },
    {
      "module": "module.events_function_app",
      "mode": "managed",
      "type": "random_string",
      "name": "threerandom",
      "provider": "provider[\"registry.terraform.io/hashicorp/random\"]",
      "instances": [
        {
          "schema_version": 2,
          "attributes": {
            "id": "shs",
            "keepers": null,
            "length": 3,
            "lower": true,
            "min_lower": 0,
            "min_numeric": 0,
            "min_special": 0,
            "min_upper": 0,
            "number": true,
            "numeric": true,
            "override_special": null,
            "result": "shs",
            "special": false,
            "upper": false
          },
          "sensitive_attributes": []
        }
      ]
    },
    {
      "module": "module.init_storage",
      "mode": "managed",
      "type": "azurerm_storage_account",
      "name": "init",
      "provider": "provider[\"registry.terraform.io/hashicorp/azurerm\"]",
      "instances": [
        {
          "schema_version": 4,
          "attributes": {
            "access_tier": "Hot",
            "account_kind": "StorageV2",
            "account_replication_type": "RAGRS",
            "account_tier": "Standard",
            "allow_nested_items_to_be_public": true,
            "allowed_copy_scope": "",
            "azure_files_authentication": [],
            "blob_properties": [
              {
                "change_feed_enabled": false,
                "change_feed_retention_in_days": 0,
                "container_delete_retention_policy": [],
                "cors_rule": [],
                "default_service_version": "",
                "delete_retention_policy": [],
                "last_access_time_enabled": false,
                "restore_policy": [],
                "versioning_enabled": false
              }
            ],
            "cross_tenant_replication_enabled": true,
            "custom_domain": [],
            "customer_managed_key": [],
            "default_to_oauth_authentication": false,
            "edge_zone": "",
            "enable_https_traffic_only": true,
            "id": "/subscriptions/534c4764-9a43-4fcf-a2a9-5fe2f89bc93e/resourceGroups/Tollbooth-resource-group/providers/Microsoft.Storage/storageAccounts/initwnvcdv",
            "identity": [],
            "immutability_policy": [],
            "infrastructure_encryption_enabled": false,
            "is_hns_enabled": false,
            "large_file_share_enabled": null,
            "location": "eastus",
            "min_tls_version": "TLS1_2",
            "name": "initwnvcdv",
            "network_rules": [
              {
                "bypass": [
                  "AzureServices"
                ],
                "default_action": "Allow",
                "ip_rules": [],
                "private_link_access": [],
                "virtual_network_subnet_ids": []
              }
            ],
            "nfsv3_enabled": false,
            "primary_access_key": "dLbGD80WtW7fFw+fwLNTtu9anbKzwyHbkeL+wQ3Ht/QeoMfCbQKi8hlMw8IxKW6EQlYeuH+6yu2g+AStM8yksg==",
            "primary_blob_connection_string": "DefaultEndpointsProtocol=https;BlobEndpoint=https://initwnvcdv.blob.core.windows.net/;AccountName=initwnvcdv;AccountKey=dLbGD80WtW7fFw+fwLNTtu9anbKzwyHbkeL+wQ3Ht/QeoMfCbQKi8hlMw8IxKW6EQlYeuH+6yu2g+AStM8yksg==",
            "primary_blob_endpoint": "https://initwnvcdv.blob.core.windows.net/",
            "primary_blob_host": "initwnvcdv.blob.core.windows.net",
            "primary_connection_string": "DefaultEndpointsProtocol=https;AccountName=initwnvcdv;AccountKey=dLbGD80WtW7fFw+fwLNTtu9anbKzwyHbkeL+wQ3Ht/QeoMfCbQKi8hlMw8IxKW6EQlYeuH+6yu2g+AStM8yksg==;EndpointSuffix=core.windows.net",
            "primary_dfs_endpoint": "https://initwnvcdv.dfs.core.windows.net/",
            "primary_dfs_host": "initwnvcdv.dfs.core.windows.net",
            "primary_file_endpoint": "https://initwnvcdv.file.core.windows.net/",
            "primary_file_host": "initwnvcdv.file.core.windows.net",
            "primary_location": "eastus",
            "primary_queue_endpoint": "https://initwnvcdv.queue.core.windows.net/",
            "primary_queue_host": "initwnvcdv.queue.core.windows.net",
            "primary_table_endpoint": "https://initwnvcdv.table.core.windows.net/",
            "primary_table_host": "initwnvcdv.table.core.windows.net",
            "primary_web_endpoint": "https://initwnvcdv.z13.web.core.windows.net/",
            "primary_web_host": "initwnvcdv.z13.web.core.windows.net",
            "public_network_access_enabled": true,
            "queue_encryption_key_type": "Service",
            "queue_properties": [
              {
                "cors_rule": [],
                "hour_metrics": [
                  {
                    "enabled": true,
                    "include_apis": true,
                    "retention_policy_days": 7,
                    "version": "1.0"
                  }
                ],
                "logging": [
                  {
                    "delete": false,
                    "read": false,
                    "retention_policy_days": 0,
                    "version": "1.0",
                    "write": false
                  }
                ],
                "minute_metrics": [
                  {
                    "enabled": false,
                    "include_apis": false,
                    "retention_policy_days": 0,
                    "version": "1.0"
                  }
                ]
              }
            ],
            "resource_group_name": "Tollbooth-resource-group",
            "routing": [],
            "sas_policy": [],
            "secondary_access_key": "ldze5OSouYpastCR+N7ZLE9rl0dzCi1K6JQEOzBixLa/Xbe7jg69yQcH070+ZU2oY9ozRNLTf7Ra+AStgso7NQ==",
            "secondary_blob_connection_string": "DefaultEndpointsProtocol=https;BlobEndpoint=https://initwnvcdv-secondary.blob.core.windows.net/;AccountName=initwnvcdv;AccountKey=ldze5OSouYpastCR+N7ZLE9rl0dzCi1K6JQEOzBixLa/Xbe7jg69yQcH070+ZU2oY9ozRNLTf7Ra+AStgso7NQ==",
            "secondary_blob_endpoint": "https://initwnvcdv-secondary.blob.core.windows.net/",
            "secondary_blob_host": "initwnvcdv-secondary.blob.core.windows.net",
            "secondary_connection_string": "DefaultEndpointsProtocol=https;AccountName=initwnvcdv;AccountKey=ldze5OSouYpastCR+N7ZLE9rl0dzCi1K6JQEOzBixLa/Xbe7jg69yQcH070+ZU2oY9ozRNLTf7Ra+AStgso7NQ==;EndpointSuffix=core.windows.net",
            "secondary_dfs_endpoint": "https://initwnvcdv-secondary.dfs.core.windows.net/",
            "secondary_dfs_host": "initwnvcdv-secondary.dfs.core.windows.net",
            "secondary_file_endpoint": "",
            "secondary_file_host": "",
            "secondary_location": "westus",
            "secondary_queue_endpoint": "https://initwnvcdv-secondary.queue.core.windows.net/",
            "secondary_queue_host": "initwnvcdv-secondary.queue.core.windows.net",
            "secondary_table_endpoint": "https://initwnvcdv-secondary.table.core.windows.net/",
            "secondary_table_host": "initwnvcdv-secondary.table.core.windows.net",
            "secondary_web_endpoint": "https://initwnvcdv-secondary.z13.web.core.windows.net/",
            "secondary_web_host": "initwnvcdv-secondary.z13.web.core.windows.net",
            "sftp_enabled": false,
            "share_properties": [
              {
                "cors_rule": [],
                "retention_policy": [
                  {
                    "days": 7
                  }
                ],
                "smb": []
              }
            ],
            "shared_access_key_enabled": true,
            "static_website": [],
            "table_encryption_key_type": "Service",
            "tags": {},
            "timeouts": null
          },
          "sensitive_attributes": [],
          "private": "eyJlMmJmYjczMC1lY2FhLTExZTYtOGY4OC0zNDM2M2JjN2M0YzAiOnsiY3JlYXRlIjozNjAwMDAwMDAwMDAwLCJkZWxldGUiOjM2MDAwMDAwMDAwMDAsInJlYWQiOjMwMDAwMDAwMDAwMCwidXBkYXRlIjozNjAwMDAwMDAwMDAwfSwic2NoZW1hX3ZlcnNpb24iOiI0In0=",
          "dependencies": [
            "module.init_storage.random_string.sixrandom",
            "module.resource_group.azurerm_resource_group.tollbooth"
          ]
        }
      ]
    },
    {
      "module": "module.init_storage",
      "mode": "managed",
      "type": "azurerm_storage_container",
      "name": "export",
      "provider": "provider[\"registry.terraform.io/hashicorp/azurerm\"]",
      "instances": [
        {
          "schema_version": 1,
          "attributes": {
            "container_access_type": "private",
            "has_immutability_policy": false,
            "has_legal_hold": false,
            "id": "https://initwnvcdv.blob.core.windows.net/export",
            "metadata": {},
            "name": "export",
            "resource_manager_id": "/subscriptions/534c4764-9a43-4fcf-a2a9-5fe2f89bc93e/resourceGroups/Tollbooth-resource-group/providers/Microsoft.Storage/storageAccounts/initwnvcdv/blobServices/default/containers/export",
            "storage_account_name": "initwnvcdv",
            "timeouts": null
          },
          "sensitive_attributes": [],
          "private": "eyJlMmJmYjczMC1lY2FhLTExZTYtOGY4OC0zNDM2M2JjN2M0YzAiOnsiY3JlYXRlIjoxODAwMDAwMDAwMDAwLCJkZWxldGUiOjE4MDAwMDAwMDAwMDAsInJlYWQiOjMwMDAwMDAwMDAwMCwidXBkYXRlIjoxODAwMDAwMDAwMDAwfSwic2NoZW1hX3ZlcnNpb24iOiIxIn0=",
          "dependencies": [
            "module.init_storage.azurerm_storage_account.init",
            "module.init_storage.random_string.sixrandom",
            "module.resource_group.azurerm_resource_group.tollbooth"
          ]
        }
      ]
    },
    {
      "module": "module.init_storage",
      "mode": "managed",
      "type": "azurerm_storage_container",
      "name": "images",
      "provider": "provider[\"registry.terraform.io/hashicorp/azurerm\"]",
      "instances": [
        {
          "schema_version": 1,
          "attributes": {
            "container_access_type": "private",
            "has_immutability_policy": false,
            "has_legal_hold": false,
            "id": "https://initwnvcdv.blob.core.windows.net/images",
            "metadata": {},
            "name": "images",
            "resource_manager_id": "/subscriptions/534c4764-9a43-4fcf-a2a9-5fe2f89bc93e/resourceGroups/Tollbooth-resource-group/providers/Microsoft.Storage/storageAccounts/initwnvcdv/blobServices/default/containers/images",
            "storage_account_name": "initwnvcdv",
            "timeouts": null
          },
          "sensitive_attributes": [],
          "private": "eyJlMmJmYjczMC1lY2FhLTExZTYtOGY4OC0zNDM2M2JjN2M0YzAiOnsiY3JlYXRlIjoxODAwMDAwMDAwMDAwLCJkZWxldGUiOjE4MDAwMDAwMDAwMDAsInJlYWQiOjMwMDAwMDAwMDAwMCwidXBkYXRlIjoxODAwMDAwMDAwMDAwfSwic2NoZW1hX3ZlcnNpb24iOiIxIn0=",
          "dependencies": [
            "module.init_storage.azurerm_storage_account.init",
            "module.init_storage.random_string.sixrandom",
            "module.resource_group.azurerm_resource_group.tollbooth"
          ]
        }
      ]
    },
    {
      "module": "module.init_storage",
      "mode": "managed",
      "type": "random_string",
      "name": "sixrandom",
      "provider": "provider[\"registry.terraform.io/hashicorp/random\"]",
      "instances": [
        {
          "schema_version": 2,
          "attributes": {
            "id": "wnvcdv",
            "keepers": null,
            "length": 6,
            "lower": true,
            "min_lower": 0,
            "min_numeric": 0,
            "min_special": 0,
            "min_upper": 0,
            "number": true,
            "numeric": true,
            "override_special": null,
            "result": "wnvcdv",
            "special": false,
            "upper": false
          },
          "sensitive_attributes": []
        }
      ]
    },
    {
      "module": "module.key_vault",
      "mode": "managed",
      "type": "azurerm_key_vault",
      "name": "tollbooth",
      "provider": "provider[\"registry.terraform.io/hashicorp/azurerm\"]",
      "instances": [
        {
          "schema_version": 2,
          "attributes": {
            "access_policy": [
              {
                "application_id": "",
                "certificate_permissions": [],
                "key_permissions": [],
                "object_id": "68b6a952-8028-41ae-ae50-0ca417888ff4",
                "secret_permissions": [
                  "Get"
                ],
                "storage_permissions": [],
                "tenant_id": "52fc3c48-4c87-4725-8c28-ae9156c24200"
              },
              {
                "application_id": "",
                "certificate_permissions": [],
                "key_permissions": [],
                "object_id": "403fe760-086b-4d37-8628-f38a280a8d69",
                "secret_permissions": [
                  "Get",
                  "List",
                  "Set",
                  "Delete"
                ],
                "storage_permissions": [],
                "tenant_id": "52fc3c48-4c87-4725-8c28-ae9156c24200"
              }
            ],
            "contact": [],
            "enable_rbac_authorization": false,
            "enabled_for_deployment": false,
            "enabled_for_disk_encryption": false,
            "enabled_for_template_deployment": false,
            "id": "/subscriptions/534c4764-9a43-4fcf-a2a9-5fe2f89bc93e/resourceGroups/Tollbooth-resource-group/providers/Microsoft.KeyVault/vaults/TollboothKeyVault",
            "location": "eastus",
            "name": "TollboothKeyVault",
            "network_acls": [
              {
                "bypass": "AzureServices",
                "default_action": "Allow",
                "ip_rules": [],
                "virtual_network_subnet_ids": []
              }
            ],
            "public_network_access_enabled": true,
            "purge_protection_enabled": false,
            "resource_group_name": "Tollbooth-resource-group",
            "sku_name": "standard",
            "soft_delete_retention_days": 7,
            "tags": {},
            "tenant_id": "52fc3c48-4c87-4725-8c28-ae9156c24200",
            "timeouts": null,
            "vault_uri": "https://tollboothkeyvault.vault.azure.net/"
          },
          "sensitive_attributes": [],
          "private": "eyJlMmJmYjczMC1lY2FhLTExZTYtOGY4OC0zNDM2M2JjN2M0YzAiOnsiY3JlYXRlIjoxODAwMDAwMDAwMDAwLCJkZWxldGUiOjE4MDAwMDAwMDAwMDAsInJlYWQiOjMwMDAwMDAwMDAwMCwidXBkYXRlIjoxODAwMDAwMDAwMDAwfSwic2NoZW1hX3ZlcnNpb24iOiIyIn0=",
          "dependencies": [
            "data.azurerm_client_config.current",
            "module.app_function_app.azurerm_linux_function_app.app",
            "module.app_function_app.azurerm_service_plan.app",
            "module.app_function_app.azurerm_storage_account.app",
            "module.app_function_app.random_string.sixrandom",
            "module.app_function_app.random_string.threerandom",
            "module.computer_vision.azurerm_cognitive_account.tollbooth",
            "module.cosmosdb.azurerm_cosmosdb_account.tollbooth",
            "module.cosmosdb.azurerm_cosmosdb_sql_container.processed_container",
            "module.cosmosdb.azurerm_cosmosdb_sql_database.tollbooth",
            "module.eventgrid_topic.azurerm_eventgrid_topic.tollbooth",
            "module.resource_group.azurerm_resource_group.tollbooth"
          ]
        }
      ]
    },
    {
      "module": "module.resource_group",
      "mode": "managed",
      "type": "azurerm_resource_group",
      "name": "tollbooth",
      "provider": "provider[\"registry.terraform.io/hashicorp/azurerm\"]",
      "instances": [
        {
          "schema_version": 0,
          "attributes": {
            "id": "/subscriptions/534c4764-9a43-4fcf-a2a9-5fe2f89bc93e/resourceGroups/Tollbooth-resource-group",
            "location": "eastus",
            "managed_by": "",
            "name": "Tollbooth-resource-group",
            "tags": {},
            "timeouts": null
          },
          "sensitive_attributes": [],
          "private": "eyJlMmJmYjczMC1lY2FhLTExZTYtOGY4OC0zNDM2M2JjN2M0YzAiOnsiY3JlYXRlIjo1NDAwMDAwMDAwMDAwLCJkZWxldGUiOjU0MDAwMDAwMDAwMDAsInJlYWQiOjMwMDAwMDAwMDAwMCwidXBkYXRlIjo1NDAwMDAwMDAwMDAwfX0="
        }
      ]
    },
    {
      "module": "module.secrets",
      "mode": "managed",
      "type": "azurerm_key_vault_secret",
      "name": "blobStorageConnection",
      "provider": "provider[\"registry.terraform.io/hashicorp/azurerm\"]",
      "instances": [
        {
          "schema_version": 0,
          "attributes": {
            "content_type": "",
            "expiration_date": null,
            "id": "https://tollboothkeyvault.vault.azure.net/secrets/blobStorageConnection/c52efe91f50a4e9a90fc5dfb79814ab2",
            "key_vault_id": "/subscriptions/534c4764-9a43-4fcf-a2a9-5fe2f89bc93e/resourceGroups/Tollbooth-resource-group/providers/Microsoft.KeyVault/vaults/TollboothKeyVault",
            "name": "blobStorageConnection",
            "not_before_date": null,
            "resource_id": "/subscriptions/534c4764-9a43-4fcf-a2a9-5fe2f89bc93e/resourceGroups/Tollbooth-resource-group/providers/Microsoft.KeyVault/vaults/TollboothKeyVault/secrets/blobStorageConnection/versions/c52efe91f50a4e9a90fc5dfb79814ab2",
            "resource_versionless_id": "/subscriptions/534c4764-9a43-4fcf-a2a9-5fe2f89bc93e/resourceGroups/Tollbooth-resource-group/providers/Microsoft.KeyVault/vaults/TollboothKeyVault/secrets/blobStorageConnection",
            "tags": {},
            "timeouts": null,
            "value": "DefaultEndpointsProtocol=https;AccountName=initwnvcdv;AccountKey=dLbGD80WtW7fFw+fwLNTtu9anbKzwyHbkeL+wQ3Ht/QeoMfCbQKi8hlMw8IxKW6EQlYeuH+6yu2g+AStM8yksg==;EndpointSuffix=core.windows.net",
            "version": "c52efe91f50a4e9a90fc5dfb79814ab2",
            "versionless_id": "https://tollboothkeyvault.vault.azure.net/secrets/blobStorageConnection"
          },
          "sensitive_attributes": [
            [
              {
                "type": "get_attr",
                "value": "value"
              }
            ]
          ],
          "private": "eyJlMmJmYjczMC1lY2FhLTExZTYtOGY4OC0zNDM2M2JjN2M0YzAiOnsiY3JlYXRlIjoxODAwMDAwMDAwMDAwLCJkZWxldGUiOjE4MDAwMDAwMDAwMDAsInJlYWQiOjE4MDAwMDAwMDAwMDAsInVwZGF0ZSI6MTgwMDAwMDAwMDAwMH19",
          "dependencies": [
            "data.azurerm_client_config.current",
            "module.app_function_app.azurerm_linux_function_app.app",
            "module.app_function_app.azurerm_service_plan.app",
            "module.app_function_app.azurerm_storage_account.app",
            "module.app_function_app.random_string.sixrandom",
            "module.app_function_app.random_string.threerandom",
            "module.computer_vision.azurerm_cognitive_account.tollbooth",
            "module.cosmosdb.azurerm_cosmosdb_account.tollbooth",
            "module.cosmosdb.azurerm_cosmosdb_sql_container.processed_container",
            "module.cosmosdb.azurerm_cosmosdb_sql_database.tollbooth",
            "module.eventgrid_topic.azurerm_eventgrid_topic.tollbooth",
            "module.init_storage.azurerm_storage_account.init",
            "module.init_storage.random_string.sixrandom",
            "module.key_vault.azurerm_key_vault.tollbooth",
            "module.resource_group.azurerm_resource_group.tollbooth"
          ]
        }
      ]
    },
    {
      "module": "module.secrets",
      "mode": "managed",
      "type": "azurerm_key_vault_secret",
      "name": "computerVisionApiKey",
      "provider": "provider[\"registry.terraform.io/hashicorp/azurerm\"]",
      "instances": [
        {
          "schema_version": 0,
          "attributes": {
            "content_type": "",
            "expiration_date": null,
            "id": "https://tollboothkeyvault.vault.azure.net/secrets/computerVisionApiKey/09f212c3a79344ad9ca474061ba98bde",
            "key_vault_id": "/subscriptions/534c4764-9a43-4fcf-a2a9-5fe2f89bc93e/resourceGroups/Tollbooth-resource-group/providers/Microsoft.KeyVault/vaults/TollboothKeyVault",
            "name": "computerVisionApiKey",
            "not_before_date": null,
            "resource_id": "/subscriptions/534c4764-9a43-4fcf-a2a9-5fe2f89bc93e/resourceGroups/Tollbooth-resource-group/providers/Microsoft.KeyVault/vaults/TollboothKeyVault/secrets/computerVisionApiKey/versions/09f212c3a79344ad9ca474061ba98bde",
            "resource_versionless_id": "/subscriptions/534c4764-9a43-4fcf-a2a9-5fe2f89bc93e/resourceGroups/Tollbooth-resource-group/providers/Microsoft.KeyVault/vaults/TollboothKeyVault/secrets/computerVisionApiKey",
            "tags": {},
            "timeouts": null,
            "value": "f0b12219986a443688c7927a6895e71c",
            "version": "09f212c3a79344ad9ca474061ba98bde",
            "versionless_id": "https://tollboothkeyvault.vault.azure.net/secrets/computerVisionApiKey"
          },
          "sensitive_attributes": [
            [
              {
                "type": "get_attr",
                "value": "value"
              }
            ]
          ],
          "private": "eyJlMmJmYjczMC1lY2FhLTExZTYtOGY4OC0zNDM2M2JjN2M0YzAiOnsiY3JlYXRlIjoxODAwMDAwMDAwMDAwLCJkZWxldGUiOjE4MDAwMDAwMDAwMDAsInJlYWQiOjE4MDAwMDAwMDAwMDAsInVwZGF0ZSI6MTgwMDAwMDAwMDAwMH19",
          "dependencies": [
            "data.azurerm_client_config.current",
            "module.app_function_app.azurerm_linux_function_app.app",
            "module.app_function_app.azurerm_service_plan.app",
            "module.app_function_app.azurerm_storage_account.app",
            "module.app_function_app.random_string.sixrandom",
            "module.app_function_app.random_string.threerandom",
            "module.computer_vision.azurerm_cognitive_account.tollbooth",
            "module.cosmosdb.azurerm_cosmosdb_account.tollbooth",
            "module.cosmosdb.azurerm_cosmosdb_sql_container.processed_container",
            "module.cosmosdb.azurerm_cosmosdb_sql_database.tollbooth",
            "module.eventgrid_topic.azurerm_eventgrid_topic.tollbooth",
            "module.key_vault.azurerm_key_vault.tollbooth",
            "module.resource_group.azurerm_resource_group.tollbooth"
          ]
        }
      ]
    },
    {
      "module": "module.secrets",
      "mode": "managed",
      "type": "azurerm_key_vault_secret",
      "name": "cosmosDBAuthorizationKey",
      "provider": "provider[\"registry.terraform.io/hashicorp/azurerm\"]",
      "instances": [
        {
          "schema_version": 0,
          "attributes": {
            "content_type": "",
            "expiration_date": null,
            "id": "https://tollboothkeyvault.vault.azure.net/secrets/cosmosDBAuthorizationKey/73efc86d9cb74255b1ebb56d711dc38d",
            "key_vault_id": "/subscriptions/534c4764-9a43-4fcf-a2a9-5fe2f89bc93e/resourceGroups/Tollbooth-resource-group/providers/Microsoft.KeyVault/vaults/TollboothKeyVault",
            "name": "cosmosDBAuthorizationKey",
            "not_before_date": null,
            "resource_id": "/subscriptions/534c4764-9a43-4fcf-a2a9-5fe2f89bc93e/resourceGroups/Tollbooth-resource-group/providers/Microsoft.KeyVault/vaults/TollboothKeyVault/secrets/cosmosDBAuthorizationKey/versions/73efc86d9cb74255b1ebb56d711dc38d",
            "resource_versionless_id": "/subscriptions/534c4764-9a43-4fcf-a2a9-5fe2f89bc93e/resourceGroups/Tollbooth-resource-group/providers/Microsoft.KeyVault/vaults/TollboothKeyVault/secrets/cosmosDBAuthorizationKey",
            "tags": {},
            "timeouts": null,
            "value": "YCrQ7su6TeaXF32RMWTrx7KTuvBxZn0fKSfVFH2ZR0YtaLiJ2BtTjsYqPdiIbJw5uWnaN1w9DujPACDbqKxVtw==",
            "version": "73efc86d9cb74255b1ebb56d711dc38d",
            "versionless_id": "https://tollboothkeyvault.vault.azure.net/secrets/cosmosDBAuthorizationKey"
          },
          "sensitive_attributes": [
            [
              {
                "type": "get_attr",
                "value": "value"
              }
            ]
          ],
          "private": "eyJlMmJmYjczMC1lY2FhLTExZTYtOGY4OC0zNDM2M2JjN2M0YzAiOnsiY3JlYXRlIjoxODAwMDAwMDAwMDAwLCJkZWxldGUiOjE4MDAwMDAwMDAwMDAsInJlYWQiOjE4MDAwMDAwMDAwMDAsInVwZGF0ZSI6MTgwMDAwMDAwMDAwMH19",
          "dependencies": [
            "data.azurerm_client_config.current",
            "module.app_function_app.azurerm_linux_function_app.app",
            "module.app_function_app.azurerm_service_plan.app",
            "module.app_function_app.azurerm_storage_account.app",
            "module.app_function_app.random_string.sixrandom",
            "module.app_function_app.random_string.threerandom",
            "module.computer_vision.azurerm_cognitive_account.tollbooth",
            "module.cosmosdb.azurerm_cosmosdb_account.tollbooth",
            "module.cosmosdb.azurerm_cosmosdb_sql_container.processed_container",
            "module.cosmosdb.azurerm_cosmosdb_sql_database.tollbooth",
            "module.eventgrid_topic.azurerm_eventgrid_topic.tollbooth",
            "module.key_vault.azurerm_key_vault.tollbooth",
            "module.resource_group.azurerm_resource_group.tollbooth"
          ]
        }
      ]
    },
    {
      "module": "module.secrets",
      "mode": "managed",
      "type": "azurerm_key_vault_secret",
      "name": "eventGridTopicKey",
      "provider": "provider[\"registry.terraform.io/hashicorp/azurerm\"]",
      "instances": [
        {
          "schema_version": 0,
          "attributes": {
            "content_type": "",
            "expiration_date": null,
            "id": "https://tollboothkeyvault.vault.azure.net/secrets/eventGridTopicKey/63a24582d3f149e1968d03622d03fb99",
            "key_vault_id": "/subscriptions/534c4764-9a43-4fcf-a2a9-5fe2f89bc93e/resourceGroups/Tollbooth-resource-group/providers/Microsoft.KeyVault/vaults/TollboothKeyVault",
            "name": "eventGridTopicKey",
            "not_before_date": null,
            "resource_id": "/subscriptions/534c4764-9a43-4fcf-a2a9-5fe2f89bc93e/resourceGroups/Tollbooth-resource-group/providers/Microsoft.KeyVault/vaults/TollboothKeyVault/secrets/eventGridTopicKey/versions/63a24582d3f149e1968d03622d03fb99",
            "resource_versionless_id": "/subscriptions/534c4764-9a43-4fcf-a2a9-5fe2f89bc93e/resourceGroups/Tollbooth-resource-group/providers/Microsoft.KeyVault/vaults/TollboothKeyVault/secrets/eventGridTopicKey",
            "tags": {},
            "timeouts": null,
            "value": "q7FIXx2xuvuYkSMnRE4pQ5ZStH7USgKjQR9qLAwqvt8=",
            "version": "63a24582d3f149e1968d03622d03fb99",
            "versionless_id": "https://tollboothkeyvault.vault.azure.net/secrets/eventGridTopicKey"
          },
          "sensitive_attributes": [
            [
              {
                "type": "get_attr",
                "value": "value"
              }
            ]
          ],
          "private": "eyJlMmJmYjczMC1lY2FhLTExZTYtOGY4OC0zNDM2M2JjN2M0YzAiOnsiY3JlYXRlIjoxODAwMDAwMDAwMDAwLCJkZWxldGUiOjE4MDAwMDAwMDAwMDAsInJlYWQiOjE4MDAwMDAwMDAwMDAsInVwZGF0ZSI6MTgwMDAwMDAwMDAwMH19",
          "dependencies": [
            "data.azurerm_client_config.current",
            "module.app_function_app.azurerm_linux_function_app.app",
            "module.app_function_app.azurerm_service_plan.app",
            "module.app_function_app.azurerm_storage_account.app",
            "module.app_function_app.random_string.sixrandom",
            "module.app_function_app.random_string.threerandom",
            "module.computer_vision.azurerm_cognitive_account.tollbooth",
            "module.cosmosdb.azurerm_cosmosdb_account.tollbooth",
            "module.cosmosdb.azurerm_cosmosdb_sql_container.processed_container",
            "module.cosmosdb.azurerm_cosmosdb_sql_database.tollbooth",
            "module.eventgrid_topic.azurerm_eventgrid_topic.tollbooth",
            "module.key_vault.azurerm_key_vault.tollbooth",
            "module.resource_group.azurerm_resource_group.tollbooth"
          ]
        }
      ]
    }
  ],
  "check_results": null
}
